
Microsoft Visual Studio Solution File, Format Version 12.00
# Visual Studio Version 17
VisualStudioVersion = 17.2.32616.157
MinimumVisualStudioVersion = 10.0.40219.1
Project("{FAE04EC0-301F-11D3-BF4B-00C04F79EFBC}") = "RAB_Session01_Challenge", "RAB_Session01_Challenge\RAB_Session01_Challenge.csproj", "{588B81FB-B4BA-4DDA-9197-1A1B60CD1F6F}"
EndProject
Project("{54435603-DBB4-11D2-8724-00A0C9A8B90C}") = "FizzBuzz_Installer", "FizzBuzz_Installer\FizzBuzz_Installer.vdproj", "{533AEE2E-1805-4629-B3D2-C8CB0BE5A125}"
EndProject
Global
	GlobalSection(SolutionConfigurationPlatforms) = preSolution
		Debug|Any CPU = Debug|Any CPU
		Release|Any CPU = Release|Any CPU
	EndGlobalSection
	GlobalSection(ProjectConfigurationPlatforms) = postSolution
		{588B81FB-B4BA-4DDA-9197-1A1B60CD1F6F}.Debug|Any CPU.ActiveCfg = Debug|Any CPU
		{588B81FB-B4BA-4DDA-9197-1A1B60CD1F6F}.Debug|Any CPU.Build.0 = Debug|Any CPU
		{588B81FB-B4BA-4DDA-9197-1A1B60CD1F6F}.Release|Any CPU.ActiveCfg = Release|Any CPU
		{588B81FB-B4BA-4DDA-9197-1A1B60CD1F6F}.Release|Any CPU.Build.0 = Release|Any CPU
		{533AEE2E-1805-4629-B3D2-C8CB0BE5A125}.Debug|Any CPU.ActiveCfg = Debug
		{533AEE2E-1805-4629-B3D2-C8CB0BE5A125}.Release|Any CPU.ActiveCfg = Release
	EndGlobalSection
	GlobalSection(SolutionProperties) = preSolution
		HideSolutionNode = FALSE
	EndGlobalSection
	GlobalSection(ExtensibilityGlobals) = postSolution
		SolutionGuid = {A3EA8776-6E93-4D2D-9995-E6BE2C007D7C}
	EndGlobalSection
EndGlobal
